github.com/DataDog/zstd v1.5.7 h1:ybO8RBeh29qrxIhCA9E8gKY6xfONU9T6G6aP9DTKfLE=
github.com/DataDog/zstd v1.5.7/go.mod h1:g4AWEaM3yOg3HYfnJ3YIawPnVdXJh9QME85blwSAmyw=
github.com/aws/aws-sdk-go-v2 v1.36.5 h1:0OF9RiEMEdDdZEMqF9MRjevyxAQcf6gY+E7vwBILFj0=
github.com/aws/aws-sdk-go-v2 v1.36.5/go.mod h1:EYrzvCCN9CMUTa5+6lf6MM4tq3Zjp8UhSGR/cBsjai0=
github.com/aws/aws-sdk-go-v2/aws/protocol/eventstream v1.6.10 h1:zAybnyUQXIZ5mok5Jqwlf58/TFE7uvd3IAsa1aF9cXs=
github.com/aws/aws-sdk-go-v2/aws/protocol/eventstream v1.6.10/go.mod h1:qqvMj6gHLR/EXWZw4ZbqlPbQUyenf4h82UQUlKc+l14=
github.com/aws/aws-sdk-go-v2/config v1.29.16 h1:XkruGnXX1nEZ+Nyo9v84TzsX+nj86icbFAeust6uo8A=
github.com/aws/aws-sdk-go-v2/config v1.29.16/go.mod h1:uCW7PNjGwZ5cOGZ5jr8vCWrYkGIhPoTNV23Q/tpHKzg=
github.com/aws/aws-sdk-go-v2/credentials v1.17.69 h1:8B8ZQboRc3uaIKjshve/XlvJ570R7BKNy3gftSbS178=
github.com/aws/aws-sdk-go-v2/credentials v1.17.69/go.mod h1:gPME6I8grR1jCqBFEGthULiolzf/Sexq/Wy42ibKK9c=
github.com/aws/aws-sdk-go-v2/feature/ec2/imds v1.16.31 h1:oQWSGexYasNpYp4epLGZxxjsDo8BMBh6iNWkTXQvkwk=
github.com/aws/aws-sdk-go-v2/feature/ec2/imds v1.16.31/go.mod h1:nc332eGUU+djP3vrMI6blS0woaCfHTe3KiSQUVTMRq0=
github.com/aws/aws-sdk-go-v2/internal/configsources v1.3.35 h1:o1v1VFfPcDVlK3ll1L5xHsaQAFdNtZ5GXnNR7SwueC4=
github.com/aws/aws-sdk-go-v2/internal/configsources v1.3.35/go.mod h1:rZUQNYMNG+8uZxz9FOerQJ+FceCiodXvixpeRtdESrU=
github.com/aws/aws-sdk-go-v2/internal/endpoints/v2 v2.6.35 h1:R5b82ubO2NntENm3SAm0ADME+H630HomNJdgv+yZ3xw=
github.com/aws/aws-sdk-go-v2/internal/endpoints/v2 v2.6.35/go.mod h1:FuA+nmgMRfkzVKYDNEqQadvEMxtxl9+RLT9ribCwEMs=
github.com/aws/aws-sdk-go-v2/internal/ini v1.8.3 h1:bIqFDwgGXXN1Kpp99pDOdKMTTb5d2KyU5X/BZxjOkRo=
github.com/aws/aws-sdk-go-v2/internal/ini v1.8.3/go.mod h1:H5O/EsxDWyU+LP/V8i5sm8cxoZgc2fdNR9bxlOFrQTo=
github.com/aws/aws-sdk-go-v2/internal/v4a v1.3.35 h1:th/m+Q18CkajTw1iqx2cKkLCij/uz8NMwJFPK91p2ug=
github.com/aws/aws-sdk-go-v2/internal/v4a v1.3.35/go.mod h1:dkJuf0a1Bc8HAA0Zm2MoTGm/WDC18Td9vSbrQ1+VqE8=
github.com/aws/aws-sdk-go-v2/service/internal/accept-encoding v1.12.3 h1:eAh2A4b5IzM/lum78bZ590jy36+d/aFLgKF/4Vd1xPE=
github.com/aws/aws-sdk-go-v2/service/internal/accept-encoding v1.12.3/go.mod h1:0yKJC/kb8sAnmlYa6Zs3QVYqaC8ug2AbnNChv5Ox3uA=
github.com/aws/aws-sdk-go-v2/service/internal/checksum v1.7.3 h1:VHPZakq2L7w+RLzV54LmQavbvheFaR2u1NomJRSEfcU=
github.com/aws/aws-sdk-go-v2/service/internal/checksum v1.7.3/go.mod h1:DX1e/lkbsAt0MkY3NgLYuH4jQvRfw8MYxTe9feR7aXM=
github.com/aws/aws-sdk-go-v2/service/internal/presigned-url v1.12.16 h1:/ldKrPPXTC421bTNWrUIpq3CxwHwRI/kpc+jPUTJocM=
github.com/aws/aws-sdk-go-v2/service/internal/presigned-url v1.12.16/go.mod h1:5vkf/Ws0/wgIMJDQbjI4p2op86hNW6Hie5QtebrDgT8=
github.com/aws/aws-sdk-go-v2/service/internal/s3shared v1.18.16 h1:2HuI7vWKhFWsBhIr2Zq8KfFZT6xqaId2XXnXZjkbEuc=
github.com/aws/aws-sdk-go-v2/service/internal/s3shared v1.18.16/go.mod h1:BrwWnsfbFtFeRjdx0iM1ymvlqDX1Oz68JsQaibX/wG8=
github.com/aws/aws-sdk-go-v2/service/s3 v1.80.2 h1:T6Wu+8E2LeTUqzqQ/Bh1EoFNj1u4jUyveMgmTlu9fDU=
github.com/aws/aws-sdk-go-v2/service/s3 v1.80.2/go.mod h1:chSY8zfqmS0OnhZoO/hpPx/BHfAIL80m77HwhRLYScY=
github.com/aws/aws-sdk-go-v2/service/sso v1.25.4 h1:EU58LP8ozQDVroOEyAfcq0cGc5R/FTZjVoYJ6tvby3w=
github.com/aws/aws-sdk-go-v2/service/sso v1.25.4/go.mod h1:CrtOgCcysxMvrCoHnvNAD7PHWclmoFG78Q2xLK0KKcs=
github.com/aws/aws-sdk-go-v2/service/ssooidc v1.30.2 h1:XB4z0hbQtpmBnb1FQYvKaCM7UsS6Y/u8jVBwIUGeCTk=
github.com/aws/aws-sdk-go-v2/service/ssooidc v1.30.2/go.mod h1:hwRpqkRxnQ58J9blRDrB4IanlXCpcKmsC83EhG77upg=
github.com/aws/aws-sdk-go-v2/service/sts v1.33.21 h1:nyLjs8sYJShFYj6aiyjCBI3EcLn1udWrQTjEF+SOXB0=
github.com/aws/aws-sdk-go-v2/service/sts v1.33.21/go.mod h1:EhdxtZ+g84MSGrSrHzZiUm9PYiZkrADNja15wtRJSJo=
github.com/aws/smithy-go v1.22.4 h1:uqXzVZNuNexwc/xrh6Tb56u89WDlJY6HS+KC0S4QSjw=
github.com/aws/smithy-go v1.22.4/go.mod h1:t1ufH5HMublsJYulve2RKmHDC15xu1f26kHCp/HgceI=
github.com/cavaliergopher/cpio v1.0.1 h1:KQFSeKmZhv0cr+kawA3a0xTQCU4QxXF1vhU7P7av2KM=
github.com/cavaliergopher/cpio v1.0.1/go.mod h1:pBdaqQjnvXxdS/6CvNDwIANIFSP0xRKI16PX4xejRQc=
github.com/cavaliergopher/rpm v1.3.0 h1:UHX46sasX8MesUXXQ+UbkFLUX4eUWTlEcX8jcnRBIgI=
github.com/cavaliergopher/rpm v1.3.0/go.mod h1:vEumo1vvtrHM1Ov86f6+k8j7zNKOxQfHDCAIcR/36ZI=
github.com/cenkalti/backoff/v4 v4.3.0 h1:MyRJ/UdXutAwSAT+s3wNd7MfTIcy71VQueUuFK343L8=
github.com/cenkalti/backoff/v4 v4.3.0/go.mod h1:Y3VNntkOUPxTVeUxJ/G5vcM//AlwfmyYozVcomhLiZE=
github.com/cjlapao/common-go v0.0.39 h1:bAAUrj2B9v0kMzbAOhzjSmiyDy+rd56r2sy7oEiQLlA=
github.com/cjlapao/common-go v0.0.39/go.mod h1:M3dzazLjTjEtZJbbxoA5ZDiGCiHmpwqW9l4UWaddwOA=
github.com/davecgh/go-spew v1.1.1 h1:vj9j/u1bqnvCEfJOwUhtlOARqs3+rkHYY13jYWTU97c=
github.com/davecgh/go-spew v1.1.1/go.mod h1:J7Y8YcW2NihsgmVo/mv3lAwl/skON4iLHjSsI+c5H38=
github.com/dustin/go-humanize v1.0.1 h1:GzkhY7T5VNhEkwH0PVJgjz+fX1rhBrR7pRT3mDkpeCY=
github.com/dustin/go-humanize v1.0.1/go.mod h1:Mu1zIs6XwVuF/gI1OepvI0qD18qycQx+mFykh5fBlto=
github.com/go-logr/logr v1.2.2/go.mod h1:jdQByPbusPIv2/zmleS9BjJVeZ6kBagPoEUsqbVz/1A=
github.com/go-logr/logr v1.4.1 h1:pKouT5E8xu9zeFC39JXRDukb6JFQPXM5p5I91188VAQ=
github.com/go-logr/logr v1.4.1/go.mod h1:9T104GzyrTigFIr8wt5mBrctHMim0Nb2HLGrmQ40KvY=
github.com/go-logr/stdr v1.2.2 h1:hSWxHoqTgW2S2qGc0LTAI563KZ5YKYRhT3MFKZMbjag=
github.com/go-logr/stdr v1.2.2/go.mod h1:mMo/vtBO5dYbehREoey6XUKy/eSumjCCveDpRre4VKE=
github.com/golang-jwt/jwt/v5 v5.2.2 h1:Rl4B7itRWVtYIHFrSNd7vhTiz9UpLdi6gZhZ3wEeDy8=
github.com/golang-jwt/jwt/v5 v5.2.2/go.mod h1:pqrtFR0X4osieyHYxtmOUWsAWrfe1Q5UVIyoH402zdk=
github.com/google/go-cmp v0.6.0 h1:ofyhxvXcZhMsU5ulbFiLKl/XBFqE1GSq7atu8tAmTRI=
github.com/google/go-cmp v0.6.0/go.mod h1:17dUlkBOakJ0+DkrSSNjCkIjxS6bF9zb3elmeNGIjoY=
github.com/google/uuid v1.6.0 h1:NIvaJDMOsjHA8n1jAhLSgzrAzy1Hgr+hNrb57e+94F0=
github.com/google/uuid v1.6.0/go.mod h1:TIyPZe4MgqvfeYDBFedMoGGpEw/LqOeaOT+nhxU+yHo=
github.com/kfcampbell/ghinstallation v0.0.6 h1:L4QkjRqNosJ6Kyetymq7FswY1wUxMQO+fyYXJAWl0WY=
github.com/kfcampbell/ghinstallation v0.0.6/go.mod h1:UXWfCKaLwF+AiyCo8gxE5oA0VMQsAmCdRXgTyyRdUnA=
github.com/kjk/lzma v0.0.0-20161016003348-3fd93898850d h1:RnWZeH8N8KXfbwMTex/KKMYMj0FJRCF6tQubUuQ02GM=
github.com/kjk/lzma v0.0.0-20161016003348-3fd93898850d/go.mod h1:phT/jsRPBAEqjAibu1BurrabCBNTYiVI+zbmyCZJY6Q=
github.com/klauspost/compress v1.16.5 h1:IFV2oUNUzZaz+XyusxpLzpzS8Pt5rh0Z16For/djlyI=
github.com/klauspost/compress v1.16.5/go.mod h1:ntbaceVETuRiXiv4DpjP66DpAtAGkEQskQzEyD//IeE=
github.com/kr/pretty v0.1.0 h1:L/CwN0zerZDmRFUapSPitk6f+Q3+0za1rQkzVuMiMFI=
github.com/kr/pretty v0.1.0/go.mod h1:dAy3ld7l9f0ibDNOQOHHMYYIIbhfbHSm3C4ZsoJORNo=
github.com/kr/text v0.1.0 h1:45sCR5RtlFHMR4UwH9sdQ5TC8v0qDQCHnXt+kaKSTVE=
github.com/kr/text v0.1.0/go.mod h1:4Jbv+DJW3UT/LiOwJeYQe1efqtUx/iVham/4vfdArNI=
github.com/microsoft/kiota-abstractions-go v1.6.0 h1:qbGBNMU0/o5myKbikCBXJFohVCFrrpx2cO15Rta2WyA=
github.com/microsoft/kiota-abstractions-go v1.6.0/go.mod h1:7YH20ZbRWXGfHSSvdHkdztzgCB9mRdtFx13+hrYIEpo=
github.com/octokit/go-sdk v0.0.13 h1:DdJfWFeGUoFRHY82dxquRdBl9GvE1Vk7g2dVOjMyGpQ=
github.com/octokit/go-sdk v0.0.13/go.mod h1:T65KGdB1QQvRbvd9MmuNGieldRyxMj45omX1vizOUu4=
github.com/pmezard/go-difflib v1.0.0 h1:4DBwDE0NGyQoBHbLQYPwSUPoCMWR5BEzIk/f1lZbAQM=
github.com/pmezard/go-difflib v1.0.0/go.mod h1:iKH77koFhYxTK1pcRnkKkqfTogsbg7gZNVY4sRDYZ/4=
github.com/std-uritemplate/std-uritemplate/go v0.0.55 h1:muSH037g97K7U2f94G9LUuE8tZlJsoSSrPsO9V281WY=
github.com/std-uritemplate/std-uritemplate/go v0.0.55/go.mod h1:rG/bqh/ThY4xE5de7Rap3vaDkYUT76B0GPJ0loYeTTc=
github.com/stretchr/testify v1.10.0 h1:Xv5erBjTwe/5IxqUQTdXv5kgmIvbHo3QQyRwhJsOfJA=
github.com/stretchr/testify v1.10.0/go.mod h1:r2ic/lqez/lEtzL7wO/rwa5dbSLXVDPFyf8C91i36aY=
github.com/therootcompany/xz v1.0.1 h1:CmOtsn1CbtmyYiusbfmhmkpAAETj0wBIH6kCYaX+xzw=
github.com/therootcompany/xz v1.0.1/go.mod h1:3K3UH1yCKgBneZYhuQUvJ9HPD19UEXEI0BWbMn8qNMY=
github.com/xi2/xz v0.0.0-20171230120015-48954b6210f8 h1:nIPpBwaJSVYIxUFsDv3M8ofmx9yWTog9BfvIu0q41lo=
github.com/xi2/xz v0.0.0-20171230120015-48954b6210f8/go.mod h1:HUYIGzjTL3rfEspMxjDjgmT5uz5wzYJKVo23qUhYTos=
go.opentelemetry.io/otel v1.24.0 h1:0LAOdjNmQeSTzGBzduGe/rU4tZhMwL5rWgtp9Ku5Jfo=
go.opentelemetry.io/otel v1.24.0/go.mod h1:W7b9Ozg4nkF5tWI5zsXkaKKDjdVjpD4oAt9Qi/MArHo=
go.opentelemetry.io/otel/metric v1.24.0 h1:6EhoGWWK28x1fbpA4tYTOWBkPefTDQnb8WSGXlc88kI=
go.opentelemetry.io/otel/metric v1.24.0/go.mod h1:VYhLe1rFfxuTXLgj4CBiyz+9WYBA8pNGJgDcSFRKBco=
go.opentelemetry.io/otel/trace v1.24.0 h1:CsKnnL4dUAr/0llH9FKuc698G04IrpWV0MQA/Y1YELI=
go.opentelemetry.io/otel/trace v1.24.0/go.mod h1:HPc3Xr/cOApsBI154IU0OI0HJexz+aw5uPdbs3UCjNU=
golang.org/x/crypto v0.35.0 h1:b15kiHdrGCHrP6LvwaQ3c03kgNhhiMgvlhxHQhmg2Xs=
golang.org/x/crypto v0.35.0/go.mod h1:dy7dXNW32cAb/6/PRuTNsix8T+vJAqvuIy5Bli/x0YQ=
golang.org/x/sync v0.15.0 h1:KWH3jNZsfyT6xfAfKiz6MRNmd46ByHDYaZ7KSkCtdW8=
golang.org/x/sync v0.15.0/go.mod h1:1dzgHSNfp02xaA81J2MS99Qcpr2w7fw1gpm99rleRqA=
gopkg.in/check.v1 v0.0.0-20161208181325-20d25e280405/go.mod h1:Co6ibVJAznAaIkqp8huTwlJQCZ016jof/cbN4VW5Yz0=
gopkg.in/check.v1 v1.0.0-20180628173108-788fd7840127 h1:qIbj1fsPNlZgppZ+VLlY7N33q108Sa+fhmuc+sWQYwY=
gopkg.in/check.v1 v1.0.0-20180628173108-788fd7840127/go.mod h1:Co6ibVJAznAaIkqp8huTwlJQCZ016jof/cbN4VW5Yz0=
gopkg.in/yaml.v3 v3.0.1 h1:fxVm/GzAzEWqLHuvctI91KS9hhNmmWOoWu0XTYJS7CA=
gopkg.in/yaml.v3 v3.0.1/go.mod h1:K4uyk7z7BCEPqu6E+C64Yfv1cQ7kz7rIZviUmN+EgEM=
pault.ag/go/debian v0.18.0 h1:nr0iiyOU5QlG1VPnhZLNhnCcHx58kukvBJp+dvaM6CQ=
pault.ag/go/debian v0.18.0/go.mod h1:JFl0XWRCv9hWBrB5MDDZjA5GSEs1X3zcFK/9kCNIUmE=
pault.ag/go/topsort v0.1.1 h1:L0QnhUly6LmTv0e3DEzbN2q6/FGgAcQvaEw65S53Bg4=
pault.ag/go/topsort v0.1.1/go.mod h1:r1kc/L0/FZ3HhjezBIPaNVhkqv8L0UJ9bxRuHRVZ0q4=
